
Microsoft Visual Studio Solution File, Format Version 12.00
# Visual Studio Version 17
VisualStudioVersion = 17.0.32014.148
MinimumVisualStudioVersion = 10.0.40219.1
Project("{FAE04EC0-301F-11D3-BF4B-00C04F79EFBC}") = "HuntTheNuts", "HuntTheNuts\HuntTheNuts.csproj", "{7537B33E-7489-4AFE-BFF7-B0D7463F2AEF}"
EndProject
Global
	GlobalSection(SolutionConfigurationPlatforms) = preSolution
		Debug|Any CPU = Debug|Any CPU
		Release|Any CPU = Release|Any CPU
	EndGlobalSection
	GlobalSection(ProjectConfigurationPlatforms) = postSolution
		{7537B33E-7489-4AFE-BFF7-B0D7463F2AEF}.Debug|Any CPU.ActiveCfg = Debug|Any CPU
		{7537B33E-7489-4AFE-BFF7-B0D7463F2AEF}.Debug|Any CPU.Build.0 = Debug|Any CPU
		{7537B33E-7489-4AFE-BFF7-B0D7463F2AEF}.Release|Any CPU.ActiveCfg = Release|Any CPU
		{7537B33E-7489-4AFE-BFF7-B0D7463F2AEF}.Release|Any CPU.Build.0 = Release|Any CPU
	EndGlobalSection
	GlobalSection(SolutionProperties) = preSolution
		HideSolutionNode = FALSE
	EndGlobalSection
	GlobalSection(ExtensibilityGlobals) = postSolution
		SolutionGuid = {E201FF95-A1FC-4F41-A0DC-9AD11BCE6B83}
	EndGlobalSection
EndGlobal
